// !$*UTF8*$!
{
	archiveVersion = 1;
	classes = {
	};
	objectVersion = 56;
	objects = {

/* Begin PBXBuildFile section */
		3B0B32BD29E95AA1000438DC /* MobileMLApp.swift in Sources */ = {isa = PBXBuildFile; fileRef = 3B0B32BC29E95AA1000438DC /* MobileMLApp.swift */; };
		3B0B32BF29E95AA1000438DC /* ContentView.swift in Sources */ = {isa = PBXBuildFile; fileRef = 3B0B32BE29E95AA1000438DC /* ContentView.swift */; };
		3B0B32C129E95AA2000438DC /* Assets.xcassets in Resources */ = {isa = PBXBuildFile; fileRef = 3B0B32C029E95AA2000438DC /* Assets.xcassets */; };
		3B0B32C429E95AA2000438DC /* Preview Assets.xcassets in Resources */ = {isa = PBXBuildFile; fileRef = 3B0B32C329E95AA2000438DC /* Preview Assets.xcassets */; };
		3B26AA4B29EFFFD2008C73C6 /* MobileNet.mlmodel in Sources */ = {isa = PBXBuildFile; fileRef = 3B26AA3C29EFFFD2008C73C6 /* MobileNet.mlmodel */; };
		3B26AA4D29EFFFD2008C73C6 /* VNClassificationObservation+confidenceString.swift in Sources */ = {isa = PBXBuildFile; fileRef = 3B26AA3F29EFFFD2008C73C6 /* VNClassificationObservation+confidenceString.swift */; };
		3B26AA4E29EFFFD2008C73C6 /* CGImagePropertyOrientation+UIImageOrientation.swift in Sources */ = {isa = PBXBuildFile; fileRef = 3B26AA4029EFFFD2008C73C6 /* CGImagePropertyOrientation+UIImageOrientation.swift */; };
		3B26AA5029EFFFD2008C73C6 /* MainViewController.swift in Sources */ = {isa = PBXBuildFile; fileRef = 3B26AA4329EFFFD2008C73C6 /* MainViewController.swift */; };
		3B26AA5129EFFFD2008C73C6 /* MobileNet.storyboard in Resources */ = {isa = PBXBuildFile; fileRef = 3B26AA4429EFFFD2008C73C6 /* MobileNet.storyboard */; };
		3B26AA5229EFFFD2008C73C6 /* MainViewController+CameraPicker.swift in Sources */ = {isa = PBXBuildFile; fileRef = 3B26AA4629EFFFD2008C73C6 /* MainViewController+CameraPicker.swift */; };
		3B26AA5329EFFFD2008C73C6 /* MainViewController+PhotoPicker.swift in Sources */ = {isa = PBXBuildFile; fileRef = 3B26AA4729EFFFD2008C73C6 /* MainViewController+PhotoPicker.swift */; };
		3B26AA5529EFFFD2008C73C6 /* ImagePredictor.swift in Sources */ = {isa = PBXBuildFile; fileRef = 3B26AA4A29EFFFD2008C73C6 /* ImagePredictor.swift */; };
		3B41434A29E9840400B39131 /* CardView.swift in Sources */ = {isa = PBXBuildFile; fileRef = 3B41434929E9840400B39131 /* CardView.swift */; };
		3B8BC95829E9CC4A0020A77D /* VisionObjectRecognitionViewController.swift in Sources */ = {isa = PBXBuildFile; fileRef = 3B8BC95729E9CC4A0020A77D /* VisionObjectRecognitionViewController.swift */; };
		3B8BC95A29E9CC9B0020A77D /* YOLOViewController.swift in Sources */ = {isa = PBXBuildFile; fileRef = 3B8BC95929E9CC9B0020A77D /* YOLOViewController.swift */; };
		3B8BC95C29E9CE220020A77D /* YOLO.storyboard in Resources */ = {isa = PBXBuildFile; fileRef = 3B8BC95B29E9CE220020A77D /* YOLO.storyboard */; };
		3B8BC96029E9D3540020A77D /* StoryboardWrapper.swift in Sources */ = {isa = PBXBuildFile; fileRef = 3B8BC95F29E9D3540020A77D /* StoryboardWrapper.swift */; };
		3B8BC9A129EB072F0020A77D /* Joint.swift in Sources */ = {isa = PBXBuildFile; fileRef = 3B8BC99B29EB072F0020A77D /* Joint.swift */; };
		3B8BC9A229EB072F0020A77D /* PoseBuilder+Multiple.swift in Sources */ = {isa = PBXBuildFile; fileRef = 3B8BC99C29EB072F0020A77D /* PoseBuilder+Multiple.swift */; };
		3B8BC9A329EB072F0020A77D /* PoseBuilder+Single.swift in Sources */ = {isa = PBXBuildFile; fileRef = 3B8BC99D29EB072F0020A77D /* PoseBuilder+Single.swift */; };
		3B8BC9A429EB072F0020A77D /* Pose.swift in Sources */ = {isa = PBXBuildFile; fileRef = 3B8BC99E29EB072F0020A77D /* Pose.swift */; };
		3B8BC9A529EB072F0020A77D /* PoseBuilder.swift in Sources */ = {isa = PBXBuildFile; fileRef = 3B8BC99F29EB072F0020A77D /* PoseBuilder.swift */; };
		3B8BC9A629EB072F0020A77D /* PoseBuilderConfiguration.swift in Sources */ = {isa = PBXBuildFile; fileRef = 3B8BC9A029EB072F0020A77D /* PoseBuilderConfiguration.swift */; };
		3B8BC9AD29EB075D0020A77D /* PoseNetOutput.swift in Sources */ = {isa = PBXBuildFile; fileRef = 3B8BC9A829EB075D0020A77D /* PoseNetOutput.swift */; };
		3B8BC9AE29EB075D0020A77D /* PoseNet.swift in Sources */ = {isa = PBXBuildFile; fileRef = 3B8BC9A929EB075D0020A77D /* PoseNet.swift */; };
		3B8BC9AF29EB075D0020A77D /* PoseNetInput.swift in Sources */ = {isa = PBXBuildFile; fileRef = 3B8BC9AA29EB075D0020A77D /* PoseNetInput.swift */; };
		3B8BC9BE29EB076D0020A77D /* PoseViewController.swift in Sources */ = {isa = PBXBuildFile; fileRef = 3B8BC9B329EB076D0020A77D /* PoseViewController.swift */; };
		3B8BC9BF29EB076D0020A77D /* PoseImageView.swift in Sources */ = {isa = PBXBuildFile; fileRef = 3B8BC9B429EB076D0020A77D /* PoseImageView.swift */; };
		3B8BC9C029EB076D0020A77D /* ConfigurationViewController.swift in Sources */ = {isa = PBXBuildFile; fileRef = 3B8BC9B529EB076D0020A77D /* ConfigurationViewController.swift */; };
		3B8BC9C129EB076D0020A77D /* PopOverModalViewController.swift in Sources */ = {isa = PBXBuildFile; fileRef = 3B8BC9B629EB076D0020A77D /* PopOverModalViewController.swift */; };
		3B8BC9C229EB076D0020A77D /* GradientOverlayView.swift in Sources */ = {isa = PBXBuildFile; fileRef = 3B8BC9B729EB076D0020A77D /* GradientOverlayView.swift */; };
		3B8BC9C329EB076D0020A77D /* CGPoint+Extension.swift in Sources */ = {isa = PBXBuildFile; fileRef = 3B8BC9B929EB076D0020A77D /* CGPoint+Extension.swift */; };
		3B8BC9C429EB076D0020A77D /* CGImage+Extension.swift in Sources */ = {isa = PBXBuildFile; fileRef = 3B8BC9BA29EB076D0020A77D /* CGImage+Extension.swift */; };
		3B8BC9C529EB076D0020A77D /* AVCaptureVideoOrientation+Extension.swift in Sources */ = {isa = PBXBuildFile; fileRef = 3B8BC9BC29EB076D0020A77D /* AVCaptureVideoOrientation+Extension.swift */; };
		3B8BC9C629EB076D0020A77D /* VideoCapture.swift in Sources */ = {isa = PBXBuildFile; fileRef = 3B8BC9BD29EB076D0020A77D /* VideoCapture.swift */; };
		3B8C4D7D29E999CE002C4F56 /* Card.swift in Sources */ = {isa = PBXBuildFile; fileRef = 3B8C4D7C29E999CD002C4F56 /* Card.swift */; };
		3BB64ECB29EB0FF7008545B5 /* Pose.storyboard in Resources */ = {isa = PBXBuildFile; fileRef = 3B8BC9CB29EB09160020A77D /* Pose.storyboard */; };
		CF483BEF29ED670C0063BBDE /* YOLOv3.mlmodel in Sources */ = {isa = PBXBuildFile; fileRef = CF483BEE29ED670C0063BBDE /* YOLOv3.mlmodel */; };
		CF483BF129ED671E0063BBDE /* PoseNetMobileNet100S16FP16.mlmodel in Sources */ = {isa = PBXBuildFile; fileRef = CF483BF029ED671E0063BBDE /* PoseNetMobileNet100S16FP16.mlmodel */; };
		CFCB152A29EFCB52009583C9 /* HomeContentView.swift in Sources */ = {isa = PBXBuildFile; fileRef = CFCB152929EFCB52009583C9 /* HomeContentView.swift */; };
/* End PBXBuildFile section */

/* Begin PBXFileReference section */
		3B0B32B929E95AA1000438DC /* MobileML.app */ = {isa = PBXFileReference; explicitFileType = wrapper.application; includeInIndex = 0; path = MobileML.app; sourceTree = BUILT_PRODUCTS_DIR; };
		3B0B32BC29E95AA1000438DC /* MobileMLApp.swift */ = {isa = PBXFileReference; lastKnownFileType = sourcecode.swift; path = MobileMLApp.swift; sourceTree = "<group>"; };
		3B0B32BE29E95AA1000438DC /* ContentView.swift */ = {isa = PBXFileReference; lastKnownFileType = sourcecode.swift; path = ContentView.swift; sourceTree = "<group>"; };
		3B0B32C029E95AA2000438DC /* Assets.xcassets */ = {isa = PBXFileReference; lastKnownFileType = folder.assetcatalog; path = Assets.xcassets; sourceTree = "<group>"; };
		3B0B32C329E95AA2000438DC /* Preview Assets.xcassets */ = {isa = PBXFileReference; lastKnownFileType = folder.assetcatalog; path = "Preview Assets.xcassets"; sourceTree = "<group>"; };
		3B26AA3C29EFFFD2008C73C6 /* MobileNet.mlmodel */ = {isa = PBXFileReference; lastKnownFileType = file.mlmodel; path = MobileNet.mlmodel; sourceTree = "<group>"; };
		3B26AA3F29EFFFD2008C73C6 /* VNClassificationObservation+confidenceString.swift */ = {isa = PBXFileReference; fileEncoding = 4; lastKnownFileType = sourcecode.swift; path = "VNClassificationObservation+confidenceString.swift"; sourceTree = "<group>"; };
		3B26AA4029EFFFD2008C73C6 /* CGImagePropertyOrientation+UIImageOrientation.swift */ = {isa = PBXFileReference; fileEncoding = 4; lastKnownFileType = sourcecode.swift; path = "CGImagePropertyOrientation+UIImageOrientation.swift"; sourceTree = "<group>"; };
		3B26AA4329EFFFD2008C73C6 /* MainViewController.swift */ = {isa = PBXFileReference; fileEncoding = 4; lastKnownFileType = sourcecode.swift; path = MainViewController.swift; sourceTree = "<group>"; };
		3B26AA4529EFFFD2008C73C6 /* Base */ = {isa = PBXFileReference; lastKnownFileType = file.storyboard; name = Base; path = Base.lproj/MobileNet.storyboard; sourceTree = "<group>"; };
		3B26AA4629EFFFD2008C73C6 /* MainViewController+CameraPicker.swift */ = {isa = PBXFileReference; fileEncoding = 4; lastKnownFileType = sourcecode.swift; path = "MainViewController+CameraPicker.swift"; sourceTree = "<group>"; };
		3B26AA4729EFFFD2008C73C6 /* MainViewController+PhotoPicker.swift */ = {isa = PBXFileReference; fileEncoding = 4; lastKnownFileType = sourcecode.swift; path = "MainViewController+PhotoPicker.swift"; sourceTree = "<group>"; };
		3B26AA4A29EFFFD2008C73C6 /* ImagePredictor.swift */ = {isa = PBXFileReference; fileEncoding = 4; lastKnownFileType = sourcecode.swift; path = ImagePredictor.swift; sourceTree = "<group>"; };
		3B41434929E9840400B39131 /* CardView.swift */ = {isa = PBXFileReference; lastKnownFileType = sourcecode.swift; path = CardView.swift; sourceTree = "<group>"; };
		3B53195B29EB18A1009899CB /* README.md */ = {isa = PBXFileReference; lastKnownFileType = net.daringfireball.markdown; path = README.md; sourceTree = "<group>"; };
		3B8BC95729E9CC4A0020A77D /* VisionObjectRecognitionViewController.swift */ = {isa = PBXFileReference; fileEncoding = 4; lastKnownFileType = sourcecode.swift; path = VisionObjectRecognitionViewController.swift; sourceTree = "<group>"; };
		3B8BC95929E9CC9B0020A77D /* YOLOViewController.swift */ = {isa = PBXFileReference; fileEncoding = 4; lastKnownFileType = sourcecode.swift; path = YOLOViewController.swift; sourceTree = "<group>"; };
		3B8BC95B29E9CE220020A77D /* YOLO.storyboard */ = {isa = PBXFileReference; fileEncoding = 4; lastKnownFileType = file.storyboard; path = YOLO.storyboard; sourceTree = "<group>"; };
		3B8BC95F29E9D3540020A77D /* StoryboardWrapper.swift */ = {isa = PBXFileReference; lastKnownFileType = sourcecode.swift; path = StoryboardWrapper.swift; sourceTree = "<group>"; };
		3B8BC96329E9D86E0020A77D /* Info.plist */ = {isa = PBXFileReference; lastKnownFileType = text.plist; path = Info.plist; sourceTree = "<group>"; };
		3B8BC99B29EB072F0020A77D /* Joint.swift */ = {isa = PBXFileReference; fileEncoding = 4; lastKnownFileType = sourcecode.swift; path = Joint.swift; sourceTree = "<group>"; };
		3B8BC99C29EB072F0020A77D /* PoseBuilder+Multiple.swift */ = {isa = PBXFileReference; fileEncoding = 4; lastKnownFileType = sourcecode.swift; path = "PoseBuilder+Multiple.swift"; sourceTree = "<group>"; };
		3B8BC99D29EB072F0020A77D /* PoseBuilder+Single.swift */ = {isa = PBXFileReference; fileEncoding = 4; lastKnownFileType = sourcecode.swift; path = "PoseBuilder+Single.swift"; sourceTree = "<group>"; };
		3B8BC99E29EB072F0020A77D /* Pose.swift */ = {isa = PBXFileReference; fileEncoding = 4; lastKnownFileType = sourcecode.swift; path = Pose.swift; sourceTree = "<group>"; };
		3B8BC99F29EB072F0020A77D /* PoseBuilder.swift */ = {isa = PBXFileReference; fileEncoding = 4; lastKnownFileType = sourcecode.swift; path = PoseBuilder.swift; sourceTree = "<group>"; };
		3B8BC9A029EB072F0020A77D /* PoseBuilderConfiguration.swift */ = {isa = PBXFileReference; fileEncoding = 4; lastKnownFileType = sourcecode.swift; path = PoseBuilderConfiguration.swift; sourceTree = "<group>"; };
		3B8BC9A829EB075D0020A77D /* PoseNetOutput.swift */ = {isa = PBXFileReference; fileEncoding = 4; lastKnownFileType = sourcecode.swift; path = PoseNetOutput.swift; sourceTree = "<group>"; };
		3B8BC9A929EB075D0020A77D /* PoseNet.swift */ = {isa = PBXFileReference; fileEncoding = 4; lastKnownFileType = sourcecode.swift; path = PoseNet.swift; sourceTree = "<group>"; };
		3B8BC9AA29EB075D0020A77D /* PoseNetInput.swift */ = {isa = PBXFileReference; fileEncoding = 4; lastKnownFileType = sourcecode.swift; path = PoseNetInput.swift; sourceTree = "<group>"; };
		3B8BC9B329EB076D0020A77D /* PoseViewController.swift */ = {isa = PBXFileReference; fileEncoding = 4; lastKnownFileType = sourcecode.swift; path = PoseViewController.swift; sourceTree = "<group>"; };
		3B8BC9B429EB076D0020A77D /* PoseImageView.swift */ = {isa = PBXFileReference; fileEncoding = 4; lastKnownFileType = sourcecode.swift; path = PoseImageView.swift; sourceTree = "<group>"; };
		3B8BC9B529EB076D0020A77D /* ConfigurationViewController.swift */ = {isa = PBXFileReference; fileEncoding = 4; lastKnownFileType = sourcecode.swift; path = ConfigurationViewController.swift; sourceTree = "<group>"; };
		3B8BC9B629EB076D0020A77D /* PopOverModalViewController.swift */ = {isa = PBXFileReference; fileEncoding = 4; lastKnownFileType = sourcecode.swift; path = PopOverModalViewController.swift; sourceTree = "<group>"; };
		3B8BC9B729EB076D0020A77D /* GradientOverlayView.swift */ = {isa = PBXFileReference; fileEncoding = 4; lastKnownFileType = sourcecode.swift; path = GradientOverlayView.swift; sourceTree = "<group>"; };
		3B8BC9B929EB076D0020A77D /* CGPoint+Extension.swift */ = {isa = PBXFileReference; fileEncoding = 4; lastKnownFileType = sourcecode.swift; path = "CGPoint+Extension.swift"; sourceTree = "<group>"; };
		3B8BC9BA29EB076D0020A77D /* CGImage+Extension.swift */ = {isa = PBXFileReference; fileEncoding = 4; lastKnownFileType = sourcecode.swift; path = "CGImage+Extension.swift"; sourceTree = "<group>"; };
		3B8BC9BC29EB076D0020A77D /* AVCaptureVideoOrientation+Extension.swift */ = {isa = PBXFileReference; fileEncoding = 4; lastKnownFileType = sourcecode.swift; path = "AVCaptureVideoOrientation+Extension.swift"; sourceTree = "<group>"; };
		3B8BC9BD29EB076D0020A77D /* VideoCapture.swift */ = {isa = PBXFileReference; fileEncoding = 4; lastKnownFileType = sourcecode.swift; path = VideoCapture.swift; sourceTree = "<group>"; };
		3B8BC9CB29EB09160020A77D /* Pose.storyboard */ = {isa = PBXFileReference; fileEncoding = 4; lastKnownFileType = file.storyboard; path = Pose.storyboard; sourceTree = "<group>"; };
		3B8C4D7C29E999CD002C4F56 /* Card.swift */ = {isa = PBXFileReference; lastKnownFileType = sourcecode.swift; path = Card.swift; sourceTree = "<group>"; };
		CF483BEE29ED670C0063BBDE /* YOLOv3.mlmodel */ = {isa = PBXFileReference; lastKnownFileType = file.mlmodel; path = YOLOv3.mlmodel; sourceTree = "<group>"; };
		CF483BF029ED671E0063BBDE /* PoseNetMobileNet100S16FP16.mlmodel */ = {isa = PBXFileReference; lastKnownFileType = file.mlmodel; path = PoseNetMobileNet100S16FP16.mlmodel; sourceTree = "<group>"; };
		CFCB152929EFCB52009583C9 /* HomeContentView.swift */ = {isa = PBXFileReference; lastKnownFileType = sourcecode.swift; path = HomeContentView.swift; sourceTree = "<group>"; };
/* End PBXFileReference section */

/* Begin PBXFrameworksBuildPhase section */
		3B0B32B629E95AA1000438DC /* Frameworks */ = {
			isa = PBXFrameworksBuildPhase;
			buildActionMask = 2147483647;
			files = (
			);
			runOnlyForDeploymentPostprocessing = 0;
		};
/* End PBXFrameworksBuildPhase section */

/* Begin PBXGroup section */
		3B0B32B029E95AA1000438DC = {
			isa = PBXGroup;
			children = (
				3B53195B29EB18A1009899CB /* README.md */,
				3B0B32BB29E95AA1000438DC /* MobileML */,
				3B0B32BA29E95AA1000438DC /* Products */,
			);
			sourceTree = "<group>";
		};
		3B0B32BA29E95AA1000438DC /* Products */ = {
			isa = PBXGroup;
			children = (
				3B0B32B929E95AA1000438DC /* MobileML.app */,
			);
			name = Products;
			sourceTree = "<group>";
		};
		3B0B32BB29E95AA1000438DC /* MobileML */ = {
			isa = PBXGroup;
			children = (
				3B8BC96329E9D86E0020A77D /* Info.plist */,
				3B0B32C029E95AA2000438DC /* Assets.xcassets */,
				3B0B32C229E95AA2000438DC /* Preview Content */,
				3B8BC95629E9A5160020A77D /* YOLO */,
				3B8BC98829EB068E0020A77D /* PoseNet */,
				3B26AA3A29EFFFD2008C73C6 /* MobileNet */,
				3B0B32BC29E95AA1000438DC /* MobileMLApp.swift */,
				3B0B32BE29E95AA1000438DC /* ContentView.swift */,
				3B41434929E9840400B39131 /* CardView.swift */,
				3B8C4D7C29E999CD002C4F56 /* Card.swift */,
				3B8BC95F29E9D3540020A77D /* StoryboardWrapper.swift */,
				CFCB152929EFCB52009583C9 /* HomeContentView.swift */,
			);
			path = MobileML;
			sourceTree = "<group>";
		};
		3B0B32C229E95AA2000438DC /* Preview Content */ = {
			isa = PBXGroup;
			children = (
				3B0B32C329E95AA2000438DC /* Preview Assets.xcassets */,
			);
			path = "Preview Content";
			sourceTree = "<group>";
		};
		3B26AA3A29EFFFD2008C73C6 /* MobileNet */ = {
			isa = PBXGroup;
			children = (
				3B26AA3E29EFFFD2008C73C6 /* Extensions */,
				3B26AA4229EFFFD2008C73C6 /* Main View */,
				3B26AA4929EFFFD2008C73C6 /* Image Predictor */,
			);
			path = MobileNet;
			sourceTree = "<group>";
		};
		3B26AA3E29EFFFD2008C73C6 /* Extensions */ = {
			isa = PBXGroup;
			children = (
				3B26AA3F29EFFFD2008C73C6 /* VNClassificationObservation+confidenceString.swift */,
				3B26AA4029EFFFD2008C73C6 /* CGImagePropertyOrientation+UIImageOrientation.swift */,
			);
			path = Extensions;
			sourceTree = "<group>";
		};
		3B26AA4229EFFFD2008C73C6 /* Main View */ = {
			isa = PBXGroup;
			children = (
				3B26AA4329EFFFD2008C73C6 /* MainViewController.swift */,
				3B26AA4429EFFFD2008C73C6 /* MobileNet.storyboard */,
				3B26AA4629EFFFD2008C73C6 /* MainViewController+CameraPicker.swift */,
				3B26AA4729EFFFD2008C73C6 /* MainViewController+PhotoPicker.swift */,
			);
			path = "Main View";
			sourceTree = "<group>";
		};
		3B26AA4929EFFFD2008C73C6 /* Image Predictor */ = {
			isa = PBXGroup;
			children = (
				3B26AA3C29EFFFD2008C73C6 /* MobileNet.mlmodel */,
				3B26AA4A29EFFFD2008C73C6 /* ImagePredictor.swift */,
			);
			path = "Image Predictor";
			sourceTree = "<group>";
		};
		3B8BC95629E9A5160020A77D /* YOLO */ = {
			isa = PBXGroup;
			children = (
				CF483BEE29ED670C0063BBDE /* YOLOv3.mlmodel */,
				3B8BC95B29E9CE220020A77D /* YOLO.storyboard */,
				3B8BC95929E9CC9B0020A77D /* YOLOViewController.swift */,
				3B8BC95729E9CC4A0020A77D /* VisionObjectRecognitionViewController.swift */,
			);
			path = YOLO;
			sourceTree = "<group>";
		};
		3B8BC98829EB068E0020A77D /* PoseNet */ = {
			isa = PBXGroup;
			children = (
				3B8BC99A29EB072F0020A77D /* Pose */,
				3B8BC9A729EB075D0020A77D /* Model */,
				3B8BC9B829EB076D0020A77D /* Extensions+Types */,
				3B8BC9BB29EB076D0020A77D /* Utils */,
				3B8BC9B229EB076D0020A77D /* UI */,
				3B8BC9CB29EB09160020A77D /* Pose.storyboard */,
			);
			path = PoseNet;
			sourceTree = "<group>";
		};
		3B8BC99A29EB072F0020A77D /* Pose */ = {
			isa = PBXGroup;
			children = (
				3B8BC99B29EB072F0020A77D /* Joint.swift */,
				3B8BC99C29EB072F0020A77D /* PoseBuilder+Multiple.swift */,
				3B8BC99D29EB072F0020A77D /* PoseBuilder+Single.swift */,
				3B8BC99E29EB072F0020A77D /* Pose.swift */,
				3B8BC99F29EB072F0020A77D /* PoseBuilder.swift */,
				3B8BC9A029EB072F0020A77D /* PoseBuilderConfiguration.swift */,
			);
			path = Pose;
			sourceTree = "<group>";
		};
		3B8BC9A729EB075D0020A77D /* Model */ = {
			isa = PBXGroup;
			children = (
				CF483BF029ED671E0063BBDE /* PoseNetMobileNet100S16FP16.mlmodel */,
				3B8BC9A829EB075D0020A77D /* PoseNetOutput.swift */,
				3B8BC9A929EB075D0020A77D /* PoseNet.swift */,
				3B8BC9AA29EB075D0020A77D /* PoseNetInput.swift */,
			);
			path = Model;
			sourceTree = "<group>";
		};
		3B8BC9B229EB076D0020A77D /* UI */ = {
			isa = PBXGroup;
			children = (
				3B8BC9B329EB076D0020A77D /* PoseViewController.swift */,
				3B8BC9B429EB076D0020A77D /* PoseImageView.swift */,
				3B8BC9B529EB076D0020A77D /* ConfigurationViewController.swift */,
				3B8BC9B629EB076D0020A77D /* PopOverModalViewController.swift */,
				3B8BC9B729EB076D0020A77D /* GradientOverlayView.swift */,
			);
			path = UI;
			sourceTree = "<group>";
		};
		3B8BC9B829EB076D0020A77D /* Extensions+Types */ = {
			isa = PBXGroup;
			children = (
				3B8BC9B929EB076D0020A77D /* CGPoint+Extension.swift */,
				3B8BC9BA29EB076D0020A77D /* CGImage+Extension.swift */,
			);
			path = "Extensions+Types";
			sourceTree = "<group>";
		};
		3B8BC9BB29EB076D0020A77D /* Utils */ = {
			isa = PBXGroup;
			children = (
				3B8BC9BC29EB076D0020A77D /* AVCaptureVideoOrientation+Extension.swift */,
				3B8BC9BD29EB076D0020A77D /* VideoCapture.swift */,
			);
			path = Utils;
			sourceTree = "<group>";
		};
/* End PBXGroup section */

/* Begin PBXNativeTarget section */
		3B0B32B829E95AA1000438DC /* MobileML */ = {
			isa = PBXNativeTarget;
			buildConfigurationList = 3B0B32DD29E95AA3000438DC /* Build configuration list for PBXNativeTarget "MobileML" */;
			buildPhases = (
				3B0B32B529E95AA1000438DC /* Sources */,
				3B0B32B629E95AA1000438DC /* Frameworks */,
				3B0B32B729E95AA1000438DC /* Resources */,
			);
			buildRules = (
			);
			dependencies = (
			);
			name = MobileML;
			productName = MobileML;
			productReference = 3B0B32B929E95AA1000438DC /* MobileML.app */;
			productType = "com.apple.product-type.application";
		};
/* End PBXNativeTarget section */

/* Begin PBXProject section */
		3B0B32B129E95AA1000438DC /* Project object */ = {
			isa = PBXProject;
			attributes = {
				BuildIndependentTargetsInParallel = 1;
				LastSwiftUpdateCheck = 1430;
				LastUpgradeCheck = 1430;
				TargetAttributes = {
					3B0B32B829E95AA1000438DC = {
						CreatedOnToolsVersion = 14.3;
					};
				};
			};
			buildConfigurationList = 3B0B32B429E95AA1000438DC /* Build configuration list for PBXProject "MobileML" */;
			compatibilityVersion = "Xcode 14.0";
			developmentRegion = en;
			hasScannedForEncodings = 0;
			knownRegions = (
				en,
				Base,
			);
			mainGroup = 3B0B32B029E95AA1000438DC;
			productRefGroup = 3B0B32BA29E95AA1000438DC /* Products */;
			projectDirPath = "";
			projectRoot = "";
			targets = (
				3B0B32B829E95AA1000438DC /* MobileML */,
			);
		};
/* End PBXProject section */

/* Begin PBXResourcesBuildPhase section */
		3B0B32B729E95AA1000438DC /* Resources */ = {
			isa = PBXResourcesBuildPhase;
			buildActionMask = 2147483647;
			files = (
				3B8BC95C29E9CE220020A77D /* YOLO.storyboard in Resources */,
				3B26AA5129EFFFD2008C73C6 /* MobileNet.storyboard in Resources */,
				3BB64ECB29EB0FF7008545B5 /* Pose.storyboard in Resources */,
				3B0B32C429E95AA2000438DC /* Preview Assets.xcassets in Resources */,
				3B0B32C129E95AA2000438DC /* Assets.xcassets in Resources */,
			);
			runOnlyForDeploymentPostprocessing = 0;
		};
/* End PBXResourcesBuildPhase section */

/* Begin PBXSourcesBuildPhase section */
		3B0B32B529E95AA1000438DC /* Sources */ = {
			isa = PBXSourcesBuildPhase;
			buildActionMask = 2147483647;
			files = (
				3B8BC9AF29EB075D0020A77D /* PoseNetInput.swift in Sources */,
				CF483BF129ED671E0063BBDE /* PoseNetMobileNet100S16FP16.mlmodel in Sources */,
				3B8BC9A529EB072F0020A77D /* PoseBuilder.swift in Sources */,
				3B26AA5229EFFFD2008C73C6 /* MainViewController+CameraPicker.swift in Sources */,
				3B26AA5529EFFFD2008C73C6 /* ImagePredictor.swift in Sources */,
				3B8BC9A429EB072F0020A77D /* Pose.swift in Sources */,
				CF483BEF29ED670C0063BBDE /* YOLOv3.mlmodel in Sources */,
				3B8BC95A29E9CC9B0020A77D /* YOLOViewController.swift in Sources */,
				3B8BC96029E9D3540020A77D /* StoryboardWrapper.swift in Sources */,
				3B8BC9A229EB072F0020A77D /* PoseBuilder+Multiple.swift in Sources */,
				3B8BC9C629EB076D0020A77D /* VideoCapture.swift in Sources */,
				3B8BC9BF29EB076D0020A77D /* PoseImageView.swift in Sources */,
				3B8BC9A129EB072F0020A77D /* Joint.swift in Sources */,
				3B8BC9AE29EB075D0020A77D /* PoseNet.swift in Sources */,
				3B8BC9BE29EB076D0020A77D /* PoseViewController.swift in Sources */,
				3B8BC9C129EB076D0020A77D /* PopOverModalViewController.swift in Sources */,
				3B8BC9C529EB076D0020A77D /* AVCaptureVideoOrientation+Extension.swift in Sources */,
				3B8BC9C029EB076D0020A77D /* ConfigurationViewController.swift in Sources */,
				3B26AA4E29EFFFD2008C73C6 /* CGImagePropertyOrientation+UIImageOrientation.swift in Sources */,
				3B0B32BF29E95AA1000438DC /* ContentView.swift in Sources */,
				3B26AA4B29EFFFD2008C73C6 /* MobileNet.mlmodel in Sources */,
				3B8BC9AD29EB075D0020A77D /* PoseNetOutput.swift in Sources */,
				3B41434A29E9840400B39131 /* CardView.swift in Sources */,
				3B8BC9C329EB076D0020A77D /* CGPoint+Extension.swift in Sources */,
				3B0B32BD29E95AA1000438DC /* MobileMLApp.swift in Sources */,
				3B26AA5029EFFFD2008C73C6 /* MainViewController.swift in Sources */,
				3B8C4D7D29E999CE002C4F56 /* Card.swift in Sources */,
				3B26AA4D29EFFFD2008C73C6 /* VNClassificationObservation+confidenceString.swift in Sources */,
				CFCB152A29EFCB52009583C9 /* HomeContentView.swift in Sources */,
				3B8BC95829E9CC4A0020A77D /* VisionObjectRecognitionViewController.swift in Sources */,
				3B8BC9A329EB072F0020A77D /* PoseBuilder+Single.swift in Sources */,
				3B26AA5329EFFFD2008C73C6 /* MainViewController+PhotoPicker.swift in Sources */,
				3B8BC9C429EB076D0020A77D /* CGImage+Extension.swift in Sources */,
				3B8BC9A629EB072F0020A77D /* PoseBuilderConfiguration.swift in Sources */,
				3B8BC9C229EB076D0020A77D /* GradientOverlayView.swift in Sources */,
			);
			runOnlyForDeploymentPostprocessing = 0;
		};
/* End PBXSourcesBuildPhase section */

/* Begin PBXVariantGroup section */
		3B26AA4429EFFFD2008C73C6 /* MobileNet.storyboard */ = {
			isa = PBXVariantGroup;
			children = (
				3B26AA4529EFFFD2008C73C6 /* Base */,
			);
			name = MobileNet.storyboard;
			sourceTree = "<group>";
		};
/* End PBXVariantGroup section */

/* Begin XCBuildConfiguration section */
		3B0B32DB29E95AA3000438DC /* Debug */ = {
			isa = XCBuildConfiguration;
			buildSettings = {
				ALWAYS_SEARCH_USER_PATHS = NO;
				CLANG_ANALYZER_NONNULL = YES;
				CLANG_ANALYZER_NUMBER_OBJECT_CONVERSION = YES_AGGRESSIVE;
				CLANG_CXX_LANGUAGE_STANDARD = "gnu++20";
				CLANG_ENABLE_MODULES = YES;
				CLANG_ENABLE_OBJC_ARC = YES;
				CLANG_ENABLE_OBJC_WEAK = YES;
				CLANG_WARN_BLOCK_CAPTURE_AUTORELEASING = YES;
				CLANG_WARN_BOOL_CONVERSION = YES;
				CLANG_WARN_COMMA = YES;
				CLANG_WARN_CONSTANT_CONVERSION = YES;
				CLANG_WARN_DEPRECATED_OBJC_IMPLEMENTATIONS = YES;
				CLANG_WARN_DIRECT_OBJC_ISA_USAGE = YES_ERROR;
				CLANG_WARN_DOCUMENTATION_COMMENTS = YES;
				CLANG_WARN_EMPTY_BODY = YES;
				CLANG_WARN_ENUM_CONVERSION = YES;
				CLANG_WARN_INFINITE_RECURSION = YES;
				CLANG_WARN_INT_CONVERSION = YES;
				CLANG_WARN_NON_LITERAL_NULL_CONVERSION = YES;
				CLANG_WARN_OBJC_IMPLICIT_RETAIN_SELF = YES;
				CLANG_WARN_OBJC_LITERAL_CONVERSION = YES;
				CLANG_WARN_OBJC_ROOT_CLASS = YES_ERROR;
				CLANG_WARN_QUOTED_INCLUDE_IN_FRAMEWORK_HEADER = YES;
				CLANG_WARN_RANGE_LOOP_ANALYSIS = YES;
				CLANG_WARN_STRICT_PROTOTYPES = YES;
				CLANG_WARN_SUSPICIOUS_MOVE = YES;
				CLANG_WARN_UNGUARDED_AVAILABILITY = YES_AGGRESSIVE;
				CLANG_WARN_UNREACHABLE_CODE = YES;
				CLANG_WARN__DUPLICATE_METHOD_MATCH = YES;
				COPY_PHASE_STRIP = NO;
				DEBUG_INFORMATION_FORMAT = dwarf;
				ENABLE_STRICT_OBJC_MSGSEND = YES;
				ENABLE_TESTABILITY = YES;
				GCC_C_LANGUAGE_STANDARD = gnu11;
				GCC_DYNAMIC_NO_PIC = NO;
				GCC_NO_COMMON_BLOCKS = YES;
				GCC_OPTIMIZATION_LEVEL = 0;
				GCC_PREPROCESSOR_DEFINITIONS = (
					"DEBUG=1",
					"$(inherited)",
				);
				GCC_WARN_64_TO_32_BIT_CONVERSION = YES;
				GCC_WARN_ABOUT_RETURN_TYPE = YES_ERROR;
				GCC_WARN_UNDECLARED_SELECTOR = YES;
				GCC_WARN_UNINITIALIZED_AUTOS = YES_AGGRESSIVE;
				GCC_WARN_UNUSED_FUNCTION = YES;
				GCC_WARN_UNUSED_VARIABLE = YES;
				IPHONEOS_DEPLOYMENT_TARGET = 16.0;
				MTL_ENABLE_DEBUG_INFO = INCLUDE_SOURCE;
				MTL_FAST_MATH = YES;
				ONLY_ACTIVE_ARCH = YES;
				SDKROOT = iphoneos;
				SWIFT_ACTIVE_COMPILATION_CONDITIONS = DEBUG;
				SWIFT_OPTIMIZATION_LEVEL = "-Onone";
			};
			name = Debug;
		};
		3B0B32DC29E95AA3000438DC /* Release */ = {
			isa = XCBuildConfiguration;
			buildSettings = {
				ALWAYS_SEARCH_USER_PATHS = NO;
				CLANG_ANALYZER_NONNULL = YES;
				CLANG_ANALYZER_NUMBER_OBJECT_CONVERSION = YES_AGGRESSIVE;
				CLANG_CXX_LANGUAGE_STANDARD = "gnu++20";
				CLANG_ENABLE_MODULES = YES;
				CLANG_ENABLE_OBJC_ARC = YES;
				CLANG_ENABLE_OBJC_WEAK = YES;
				CLANG_WARN_BLOCK_CAPTURE_AUTORELEASING = YES;
				CLANG_WARN_BOOL_CONVERSION = YES;
				CLANG_WARN_COMMA = YES;
				CLANG_WARN_CONSTANT_CONVERSION = YES;
				CLANG_WARN_DEPRECATED_OBJC_IMPLEMENTATIONS = YES;
				CLANG_WARN_DIRECT_OBJC_ISA_USAGE = YES_ERROR;
				CLANG_WARN_DOCUMENTATION_COMMENTS = YES;
				CLANG_WARN_EMPTY_BODY = YES;
				CLANG_WARN_ENUM_CONVERSION = YES;
				CLANG_WARN_INFINITE_RECURSION = YES;
				CLANG_WARN_INT_CONVERSION = YES;
				CLANG_WARN_NON_LITERAL_NULL_CONVERSION = YES;
				CLANG_WARN_OBJC_IMPLICIT_RETAIN_SELF = YES;
				CLANG_WARN_OBJC_LITERAL_CONVERSION = YES;
				CLANG_WARN_OBJC_ROOT_CLASS = YES_ERROR;
				CLANG_WARN_QUOTED_INCLUDE_IN_FRAMEWORK_HEADER = YES;
				CLANG_WARN_RANGE_LOOP_ANALYSIS = YES;
				CLANG_WARN_STRICT_PROTOTYPES = YES;
				CLANG_WARN_SUSPICIOUS_MOVE = YES;
				CLANG_WARN_UNGUARDED_AVAILABILITY = YES_AGGRESSIVE;
				CLANG_WARN_UNREACHABLE_CODE = YES;
				CLANG_WARN__DUPLICATE_METHOD_MATCH = YES;
				COPY_PHASE_STRIP = NO;
				DEBUG_INFORMATION_FORMAT = "dwarf-with-dsym";
				ENABLE_NS_ASSERTIONS = NO;
				ENABLE_STRICT_OBJC_MSGSEND = YES;
				GCC_C_LANGUAGE_STANDARD = gnu11;
				GCC_NO_COMMON_BLOCKS = YES;
				GCC_WARN_64_TO_32_BIT_CONVERSION = YES;
				GCC_WARN_ABOUT_RETURN_TYPE = YES_ERROR;
				GCC_WARN_UNDECLARED_SELECTOR = YES;
				GCC_WARN_UNINITIALIZED_AUTOS = YES_AGGRESSIVE;
				GCC_WARN_UNUSED_FUNCTION = YES;
				GCC_WARN_UNUSED_VARIABLE = YES;
				IPHONEOS_DEPLOYMENT_TARGET = 16.0;
				MTL_ENABLE_DEBUG_INFO = NO;
				MTL_FAST_MATH = YES;
				SDKROOT = iphoneos;
				SWIFT_COMPILATION_MODE = wholemodule;
				SWIFT_OPTIMIZATION_LEVEL = "-O";
				VALIDATE_PRODUCT = YES;
			};
			name = Release;
		};
		3B0B32DE29E95AA3000438DC /* Debug */ = {
			isa = XCBuildConfiguration;
			buildSettings = {
				ASSETCATALOG_COMPILER_APPICON_NAME = AppIcon;
				ASSETCATALOG_COMPILER_GLOBAL_ACCENT_COLOR_NAME = AccentColor;
				CODE_SIGN_IDENTITY = "Apple Development";
				CODE_SIGN_STYLE = Automatic;
				CURRENT_PROJECT_VERSION = 1;
				DEVELOPMENT_ASSET_PATHS = "\"MobileML/Preview Content\"";
				DEVELOPMENT_TEAM = UVU5GGS227;
				ENABLE_PREVIEWS = YES;
				GENERATE_INFOPLIST_FILE = YES;
				INFOPLIST_FILE = MobileML/Info.plist;
				INFOPLIST_KEY_NSCameraUsageDescription = "This app uses the camera for real-time object detection.";
				INFOPLIST_KEY_UIApplicationSceneManifest_Generation = YES;
				INFOPLIST_KEY_UIApplicationSupportsIndirectInputEvents = YES;
				INFOPLIST_KEY_UILaunchScreen_Generation = YES;
				INFOPLIST_KEY_UISupportedInterfaceOrientations_iPad = "UIInterfaceOrientationPortrait UIInterfaceOrientationPortraitUpsideDown UIInterfaceOrientationLandscapeLeft UIInterfaceOrientationLandscapeRight";
				INFOPLIST_KEY_UISupportedInterfaceOrientations_iPhone = "UIInterfaceOrientationPortrait UIInterfaceOrientationLandscapeLeft UIInterfaceOrientationLandscapeRight";
				IPHONEOS_DEPLOYMENT_TARGET = 16.0;
				LD_RUNPATH_SEARCH_PATHS = (
					"$(inherited)",
					"@executable_path/Frameworks",
				);
				MARKETING_VERSION = 1.0;
				PRODUCT_BUNDLE_IDENTIFIER = hk.hku.cs.MobileML;
				PRODUCT_NAME = "$(TARGET_NAME)";
				PROVISIONING_PROFILE_SPECIFIER = "";
				SWIFT_EMIT_LOC_STRINGS = YES;
				SWIFT_VERSION = 5.0;
				TARGETED_DEVICE_FAMILY = "1,2";
			};
			name = Debug;
		};
		3B0B32DF29E95AA3000438DC /* Release */ = {
			isa = XCBuildConfiguration;
			buildSettings = {
				ASSETCATALOG_COMPILER_APPICON_NAME = AppIcon;
				ASSETCATALOG_COMPILER_GLOBAL_ACCENT_COLOR_NAME = AccentColor;
				CODE_SIGN_IDENTITY = "Apple Development";
				CODE_SIGN_STYLE = Automatic;
				CURRENT_PROJECT_VERSION = 1;
				DEVELOPMENT_ASSET_PATHS = "\"MobileML/Preview Content\"";
				DEVELOPMENT_TEAM = UVU5GGS227;
				ENABLE_PREVIEWS = YES;
				GENERATE_INFOPLIST_FILE = YES;
				INFOPLIST_FILE = MobileML/Info.plist;
				INFOPLIST_KEY_NSCameraUsageDescription = "This app uses the camera for real-time object detection.";
				INFOPLIST_KEY_UIApplicationSceneManifest_Generation = YES;
				INFOPLIST_KEY_UIApplicationSupportsIndirectInputEvents = YES;
				INFOPLIST_KEY_UILaunchScreen_Generation = YES;
				INFOPLIST_KEY_UISupportedInterfaceOrientations_iPad = "UIInterfaceOrientationPortrait UIInterfaceOrientationPortraitUpsideDown UIInterfaceOrientationLandscapeLeft UIInterfaceOrientationLandscapeRight";
				INFOPLIST_KEY_UISupportedInterfaceOrientations_iPhone = "UIInterfaceOrientationPortrait UIInterfaceOrientationLandscapeLeft UIInterfaceOrientationLandscapeRight";
				IPHONEOS_DEPLOYMENT_TARGET = 16.0;
				LD_RUNPATH_SEARCH_PATHS = (
					"$(inherited)",
					"@executable_path/Frameworks",
				);
				MARKETING_VERSION = 1.0;
				PRODUCT_BUNDLE_IDENTIFIER = hk.hku.cs.MobileML;
				PRODUCT_NAME = "$(TARGET_NAME)";
				PROVISIONING_PROFILE_SPECIFIER = "";
				SWIFT_EMIT_LOC_STRINGS = YES;
				SWIFT_VERSION = 5.0;
				TARGETED_DEVICE_FAMILY = "1,2";
			};
			name = Release;
		};
/* End XCBuildConfiguration section */

/* Begin XCConfigurationList section */
		3B0B32B429E95AA1000438DC /* Build configuration list for PBXProject "MobileML" */ = {
			isa = XCConfigurationList;
			buildConfigurations = (
				3B0B32DB29E95AA3000438DC /* Debug */,
				3B0B32DC29E95AA3000438DC /* Release */,
			);
			defaultConfigurationIsVisible = 0;
			defaultConfigurationName = Release;
		};
		3B0B32DD29E95AA3000438DC /* Build configuration list for PBXNativeTarget "MobileML" */ = {
			isa = XCConfigurationList;
			buildConfigurations = (
				3B0B32DE29E95AA3000438DC /* Debug */,
				3B0B32DF29E95AA3000438DC /* Release */,
			);
			defaultConfigurationIsVisible = 0;
			defaultConfigurationName = Release;
		};
/* End XCConfigurationList section */
	};
	rootObject = 3B0B32B129E95AA1000438DC /* Project object */;
}
